
Microsoft Visual Studio Solution File, Format Version 12.00
# Visual Studio Version 17
VisualStudioVersion = 17.9.34728.123
MinimumVisualStudioVersion = 10.0.40219.1
Project("{9A19103F-16F7-4668-BE54-9A1E7A4F7556}") = "Portfolio_Blazor", "Portfolio_Blazor.csproj", "{496E558C-0D32-4766-BAB3-D5EB7B39626C}"
EndProject
Global
	GlobalSection(SolutionConfigurationPlatforms) = preSolution
		Debug|Any CPU = Debug|Any CPU
		Release|Any CPU = Release|Any CPU
	EndGlobalSection
	GlobalSection(ProjectConfigurationPlatforms) = postSolution
		{496E558C-0D32-4766-BAB3-D5EB7B39626C}.Debug|Any CPU.ActiveCfg = Debug|Any CPU
		{496E558C-0D32-4766-BAB3-D5EB7B39626C}.Debug|Any CPU.Build.0 = Debug|Any CPU
		{496E558C-0D32-4766-BAB3-D5EB7B39626C}.Release|Any CPU.ActiveCfg = Release|Any CPU
		{496E558C-0D32-4766-BAB3-D5EB7B39626C}.Release|Any CPU.Build.0 = Release|Any CPU
	EndGlobalSection
	GlobalSection(SolutionProperties) = preSolution
		HideSolutionNode = FALSE
	EndGlobalSection
	GlobalSection(ExtensibilityGlobals) = postSolution
		SolutionGuid = {A019BB85-FDF1-4D05-9E54-29656AA7BFDE}
	EndGlobalSection
EndGlobal
